{
  "repo": "JoonatanAlanampa/stdcells",
  "tag": "lib-v2.2",
  "files": {
    "flow/heal_hvtp.py": "3f07eef0954cb1b199eebf43c8d4c513c2a105beeea9637192872693e37df054",
    "out/own.lef": "3818f94b849817f4f320105627864dbc7ee30f7a9e1b43c8a2496488fa8cb536",
    "out/own.lib": "19f96f7a6e316f6d20c8c5e830a7c017d901a6916c6a18d76df135632b1d5693",
    "out/own_abc.lib": "74bf1ff91b0c3a81610eb5b40808790614f8e7c0b2ae03b40a4af2cb6df85449",
    "out/own_cells.gds": "f771fe4d6553e57fb583344459671d47df3cae8c744d78aa30b29dac4db02de1",
    "out/own_hardening.lib": "9188ade2beb626b9872ed563a3673807ff433d2265e2001b97d237b65d7b179a",
    "out/own_hardening_ff_n40C_1v95.lib": "aa396895cfd8d57b66519bbef9b3c89b79682cc3bdb28ae7cd313db5c1216c0b",
    "out/own_hardening_ss_100C_1v60.lib": "d6986911563bfa90c63dc215bcdbb2a3b6a252c889b31e9eda9994e02592ab05",
    "out/own_hardening_tt_025C_1v80.lib": "9188ade2beb626b9872ed563a3673807ff433d2265e2001b97d237b65d7b179a"
  }
}
