{
  "repo": "JoonatanAlanampa/stdcells",
  "tag": "lib-v1.7",
  "files": {
    "flow/heal_hvtp.py": "3f07eef0954cb1b199eebf43c8d4c513c2a105beeea9637192872693e37df054",
    "out/own.lef": "3818f94b849817f4f320105627864dbc7ee30f7a9e1b43c8a2496488fa8cb536",
    "out/own.lib": "89342a3cf484cb0863fcdd0a38cbce701d5adcb9e8cadb93273a835655a13a06",
    "out/own_abc.lib": "7b40a17c28538bd8f7df7113c51a1ae6c23fec111dd273c96d7fed21b5ff8375",
    "out/own_cells.gds": "f771fe4d6553e57fb583344459671d47df3cae8c744d78aa30b29dac4db02de1",
    "out/own_hardening.lib": "438d8dc9922eeaacf923499dbf3fc02be3645072df3063b887cce0300d038a3f",
    "out/own_hardening_ff_n40C_1v95.lib": "034890f6971da04d2578047d512558db181f88ba421a0dc6d6f0993871709801",
    "out/own_hardening_ss_100C_1v60.lib": "0f9e675255e8a5b6d1b9d026676332058cba30f8041b86d010967c3ce222ce94",
    "out/own_hardening_tt_025C_1v80.lib": "438d8dc9922eeaacf923499dbf3fc02be3645072df3063b887cce0300d038a3f"
  }
}
