{
  "repo": "JoonatanAlanampa/stdcells",
  "tag": "lib-v1.1",
  "files": {
    "flow/heal_hvtp.py": "3f07eef0954cb1b199eebf43c8d4c513c2a105beeea9637192872693e37df054",
    "out/own.lef": "3818f94b849817f4f320105627864dbc7ee30f7a9e1b43c8a2496488fa8cb536",
    "out/own.lib": "2a2e73cb5bfcee2e0539a8fc322181f6fa6ca0dfd594421055b8e5376e710eac",
    "out/own_abc.lib": "f2393b9f3b29a72cac11717919220353a9011d6ba5d5e788a71cf025376431d3",
    "out/own_cells.gds": "f771fe4d6553e57fb583344459671d47df3cae8c744d78aa30b29dac4db02de1",
    "out/own_hardening.lib": "0fff54924506ed6b1232c1b8026ada09b861b3dbbf4c1006324158cd3fb0f4ed",
    "out/own_hardening_ff_n40C_1v95.lib": "bc2471e7b81b31231883e9d161c7e540ac701920ac81da2910bc55878ea26d37",
    "out/own_hardening_ss_100C_1v60.lib": "fb9378f66dc453f0fd84a0aa1c84b8794efbcd680b245ee917e49f041c509d2f",
    "out/own_hardening_tt_025C_1v80.lib": "0fff54924506ed6b1232c1b8026ada09b861b3dbbf4c1006324158cd3fb0f4ed"
  }
}
